{
  "name": "Gemini Vision python",
  "lockfileVersion": 3,
  "requires": true,
  "packages": {
    "": {
      "dependencies": {
        "@google/generative-ai": "^0.17.2"
      }
    },
    "node_modules/@google/generative-ai": {
      "version": "0.17.2",
      "resolved": "https://registry.npmjs.org/@google/generative-ai/-/generative-ai-0.17.2.tgz",
      "integrity": "sha512-TRKwCCqFe8JawNpvwk5FNcE9CQGUUjROiUxpH+uUR46sjLkgsR2v4+clu2axxnzEd9rnMpUNAJriUXeEu0zFBw==",
      "license": "Apache-2.0",
      "engines": {
        "node": ">=18.0.0"
      }
    }
  }
}
